
Microsoft Visual Studio Solution File, Format Version 12.00
# Visual Studio Version 17
VisualStudioVersion = 17.14.36202.13 d17.14
MinimumVisualStudioVersion = 10.0.40219.1
Project("{FAE04EC0-301F-11D3-BF4B-00C04F79EFBC}") = "ProductApp", "ProductApp.csproj", "{2898F0EE-0873-4030-BBC7-553CBAD18ECD}"
EndProject
Project("{FAE04EC0-301F-11D3-BF4B-00C04F79EFBC}") = "ProductApp.Tests", "..\ProductApp.Tests\ProductApp.Tests.csproj", "{F2EAA902-07C8-401C-93DF-344674678DA3}"
EndProject
Global
	GlobalSection(SolutionConfigurationPlatforms) = preSolution
		Debug|Any CPU = Debug|Any CPU
		Release|Any CPU = Release|Any CPU
	EndGlobalSection
	GlobalSection(ProjectConfigurationPlatforms) = postSolution
		{2898F0EE-0873-4030-BBC7-553CBAD18ECD}.Debug|Any CPU.ActiveCfg = Debug|Any CPU
		{2898F0EE-0873-4030-BBC7-553CBAD18ECD}.Debug|Any CPU.Build.0 = Debug|Any CPU
		{2898F0EE-0873-4030-BBC7-553CBAD18ECD}.Release|Any CPU.ActiveCfg = Release|Any CPU
		{2898F0EE-0873-4030-BBC7-553CBAD18ECD}.Release|Any CPU.Build.0 = Release|Any CPU
		{F2EAA902-07C8-401C-93DF-344674678DA3}.Debug|Any CPU.ActiveCfg = Debug|Any CPU
		{F2EAA902-07C8-401C-93DF-344674678DA3}.Debug|Any CPU.Build.0 = Debug|Any CPU
		{F2EAA902-07C8-401C-93DF-344674678DA3}.Release|Any CPU.ActiveCfg = Release|Any CPU
		{F2EAA902-07C8-401C-93DF-344674678DA3}.Release|Any CPU.Build.0 = Release|Any CPU
	EndGlobalSection
	GlobalSection(SolutionProperties) = preSolution
		HideSolutionNode = FALSE
	EndGlobalSection
	GlobalSection(ExtensibilityGlobals) = postSolution
		SolutionGuid = {CCBE2336-29E4-43B6-82F9-1E0D29E60EB6}
	EndGlobalSection
EndGlobal
